
Microsoft Visual Studio Solution File, Format Version 11.00
# Visual Studio 2010
Project("{FAE04EC0-301F-11D3-BF4B-00C04F79EFBC}") = "Contacts", "Ch01\Contacts\Contacts.csproj", "{FE31E280-639A-4D87-9D48-4E37BE892912}"
EndProject
Project("{FAE04EC0-301F-11D3-BF4B-00C04F79EFBC}") = "P66", "Ch02\P66\P66.csproj", "{2063CCC1-AF68-4A7D-B1D4-F1B6D462A069}"
EndProject
Project("{FAE04EC0-301F-11D3-BF4B-00C04F79EFBC}") = "P75", "Ch02\P75\P75.csproj", "{112D9848-A806-4936-ADD8-7C5247193811}"
EndProject
Project("{FAE04EC0-301F-11D3-BF4B-00C04F79EFBC}") = "P76", "Ch02\P76\P76.csproj", "{EE035FDF-0E6B-4B23-925F-8EB6B0F778AC}"
EndProject
Project("{FAE04EC0-301F-11D3-BF4B-00C04F79EFBC}") = "P89", "Ch03\P89\P89.csproj", "{E354D2D3-EED4-48E4-80F9-BE9B51D34364}"
EndProject
Project("{FAE04EC0-301F-11D3-BF4B-00C04F79EFBC}") = "P113-Joe and Bob", "Ch03\P113-Joe and Bob\P113-Joe and Bob.csproj", "{2C260949-BE35-4397-897C-DF40701008E2}"
EndProject
Project("{FAE04EC0-301F-11D3-BF4B-00C04F79EFBC}") = "P135-Mile Calculator", "Ch04\P135-Mile Calculator\P135-Mile Calculator.csproj", "{DEEC4FFC-F7AC-4006-A4E2-4876AC2CAB9C}"
EndProject
Project("{FAE04EC0-301F-11D3-BF4B-00C04F79EFBC}") = "P147-Swap", "Ch04\P147-Swap\P147-Swap.csproj", "{BF0D3D74-6539-4360-B1E6-AEC2EFBDD59D}"
EndProject
Project("{FAE04EC0-301F-11D3-BF4B-00C04F79EFBC}") = "P152-Sloppy Joes Menu", "Ch04\P152-Sloppy Joe's Menu\P152-Sloppy Joes Menu.csproj", "{DD6DFEA2-8BDB-465B-889C-5E186D7D891A}"
EndProject
Project("{FAE04EC0-301F-11D3-BF4B-00C04F79EFBC}") = "P160-Hit the keys", "Ch04\P160-Hit the keys\P160-Hit the keys.csproj", "{6C5CB71C-3D93-4C66-862B-FBD740641998}"
EndProject
Global
	GlobalSection(SolutionConfigurationPlatforms) = preSolution
		Debug|x86 = Debug|x86
		Release|x86 = Release|x86
	EndGlobalSection
	GlobalSection(ProjectConfigurationPlatforms) = postSolution
		{FE31E280-639A-4D87-9D48-4E37BE892912}.Debug|x86.ActiveCfg = Debug|x86
		{FE31E280-639A-4D87-9D48-4E37BE892912}.Debug|x86.Build.0 = Debug|x86
		{FE31E280-639A-4D87-9D48-4E37BE892912}.Release|x86.ActiveCfg = Release|x86
		{FE31E280-639A-4D87-9D48-4E37BE892912}.Release|x86.Build.0 = Release|x86
		{2063CCC1-AF68-4A7D-B1D4-F1B6D462A069}.Debug|x86.ActiveCfg = Debug|x86
		{2063CCC1-AF68-4A7D-B1D4-F1B6D462A069}.Debug|x86.Build.0 = Debug|x86
		{2063CCC1-AF68-4A7D-B1D4-F1B6D462A069}.Release|x86.ActiveCfg = Release|x86
		{2063CCC1-AF68-4A7D-B1D4-F1B6D462A069}.Release|x86.Build.0 = Release|x86
		{112D9848-A806-4936-ADD8-7C5247193811}.Debug|x86.ActiveCfg = Debug|x86
		{112D9848-A806-4936-ADD8-7C5247193811}.Debug|x86.Build.0 = Debug|x86
		{112D9848-A806-4936-ADD8-7C5247193811}.Release|x86.ActiveCfg = Release|x86
		{112D9848-A806-4936-ADD8-7C5247193811}.Release|x86.Build.0 = Release|x86
		{EE035FDF-0E6B-4B23-925F-8EB6B0F778AC}.Debug|x86.ActiveCfg = Debug|x86
		{EE035FDF-0E6B-4B23-925F-8EB6B0F778AC}.Debug|x86.Build.0 = Debug|x86
		{EE035FDF-0E6B-4B23-925F-8EB6B0F778AC}.Release|x86.ActiveCfg = Release|x86
		{EE035FDF-0E6B-4B23-925F-8EB6B0F778AC}.Release|x86.Build.0 = Release|x86
		{E354D2D3-EED4-48E4-80F9-BE9B51D34364}.Debug|x86.ActiveCfg = Debug|x86
		{E354D2D3-EED4-48E4-80F9-BE9B51D34364}.Debug|x86.Build.0 = Debug|x86
		{E354D2D3-EED4-48E4-80F9-BE9B51D34364}.Release|x86.ActiveCfg = Release|x86
		{E354D2D3-EED4-48E4-80F9-BE9B51D34364}.Release|x86.Build.0 = Release|x86
		{2C260949-BE35-4397-897C-DF40701008E2}.Debug|x86.ActiveCfg = Debug|x86
		{2C260949-BE35-4397-897C-DF40701008E2}.Debug|x86.Build.0 = Debug|x86
		{2C260949-BE35-4397-897C-DF40701008E2}.Release|x86.ActiveCfg = Release|x86
		{2C260949-BE35-4397-897C-DF40701008E2}.Release|x86.Build.0 = Release|x86
		{DEEC4FFC-F7AC-4006-A4E2-4876AC2CAB9C}.Debug|x86.ActiveCfg = Debug|x86
		{DEEC4FFC-F7AC-4006-A4E2-4876AC2CAB9C}.Debug|x86.Build.0 = Debug|x86
		{DEEC4FFC-F7AC-4006-A4E2-4876AC2CAB9C}.Release|x86.ActiveCfg = Release|x86
		{DEEC4FFC-F7AC-4006-A4E2-4876AC2CAB9C}.Release|x86.Build.0 = Release|x86
		{BF0D3D74-6539-4360-B1E6-AEC2EFBDD59D}.Debug|x86.ActiveCfg = Debug|x86
		{BF0D3D74-6539-4360-B1E6-AEC2EFBDD59D}.Debug|x86.Build.0 = Debug|x86
		{BF0D3D74-6539-4360-B1E6-AEC2EFBDD59D}.Release|x86.ActiveCfg = Release|x86
		{BF0D3D74-6539-4360-B1E6-AEC2EFBDD59D}.Release|x86.Build.0 = Release|x86
		{DD6DFEA2-8BDB-465B-889C-5E186D7D891A}.Debug|x86.ActiveCfg = Debug|x86
		{DD6DFEA2-8BDB-465B-889C-5E186D7D891A}.Debug|x86.Build.0 = Debug|x86
		{DD6DFEA2-8BDB-465B-889C-5E186D7D891A}.Release|x86.ActiveCfg = Release|x86
		{DD6DFEA2-8BDB-465B-889C-5E186D7D891A}.Release|x86.Build.0 = Release|x86
		{6C5CB71C-3D93-4C66-862B-FBD740641998}.Debug|x86.ActiveCfg = Debug|x86
		{6C5CB71C-3D93-4C66-862B-FBD740641998}.Debug|x86.Build.0 = Debug|x86
		{6C5CB71C-3D93-4C66-862B-FBD740641998}.Release|x86.ActiveCfg = Release|x86
		{6C5CB71C-3D93-4C66-862B-FBD740641998}.Release|x86.Build.0 = Release|x86
	EndGlobalSection
	GlobalSection(SolutionProperties) = preSolution
		HideSolutionNode = FALSE
	EndGlobalSection
EndGlobal
